// !$*UTF8*$!
{
	archiveVersion = 1;
	classes = {
	};
	objectVersion = 56;
	objects = {

/* Begin PBXBuildFile section */
		E20409A52B69353A00E35B6E /* AppDelegate.swift in Sources */ = {isa = PBXBuildFile; fileRef = E20409A42B69353A00E35B6E /* AppDelegate.swift */; };
		E20409A72B69353A00E35B6E /* SceneDelegate.swift in Sources */ = {isa = PBXBuildFile; fileRef = E20409A62B69353A00E35B6E /* SceneDelegate.swift */; };
		E20409A92B69353A00E35B6E /* ViewController.swift in Sources */ = {isa = PBXBuildFile; fileRef = E20409A82B69353A00E35B6E /* ViewController.swift */; };
		E20409AC2B69353A00E35B6E /* Main.storyboard in Resources */ = {isa = PBXBuildFile; fileRef = E20409AA2B69353A00E35B6E /* Main.storyboard */; };
		E20409B12B69353B00E35B6E /* LaunchScreen.storyboard in Resources */ = {isa = PBXBuildFile; fileRef = E20409AF2B69353B00E35B6E /* LaunchScreen.storyboard */; };
		E26ACAF62B91B6B90042675A /* SwipingController.swift in Sources */ = {isa = PBXBuildFile; fileRef = E26ACAF52B91B6B90042675A /* SwipingController.swift */; };
		E29862D42B694AFC007785DB /* Asset.xcassets in Resources */ = {isa = PBXBuildFile; fileRef = E29862D32B694AFC007785DB /* Asset.xcassets */; };
		E2FF11002B92DC4300011E29 /* PageCell.swift in Sources */ = {isa = PBXBuildFile; fileRef = E2FF10FF2B92DC4300011E29 /* PageCell.swift */; };
/* End PBXBuildFile section */

/* Begin PBXFileReference section */
		E20409A12B69353A00E35B6E /* AutoLayout(CodeBase).app */ = {isa = PBXFileReference; explicitFileType = wrapper.application; includeInIndex = 0; path = "AutoLayout(CodeBase).app"; sourceTree = BUILT_PRODUCTS_DIR; };
		E20409A42B69353A00E35B6E /* AppDelegate.swift */ = {isa = PBXFileReference; lastKnownFileType = sourcecode.swift; path = AppDelegate.swift; sourceTree = "<group>"; };
		E20409A62B69353A00E35B6E /* SceneDelegate.swift */ = {isa = PBXFileReference; lastKnownFileType = sourcecode.swift; path = SceneDelegate.swift; sourceTree = "<group>"; };
		E20409A82B69353A00E35B6E /* ViewController.swift */ = {isa = PBXFileReference; lastKnownFileType = sourcecode.swift; path = ViewController.swift; sourceTree = "<group>"; };
		E20409AB2B69353A00E35B6E /* Base */ = {isa = PBXFileReference; lastKnownFileType = file.storyboard; name = Base; path = Base.lproj/Main.storyboard; sourceTree = "<group>"; };
		E20409B02B69353B00E35B6E /* Base */ = {isa = PBXFileReference; lastKnownFileType = file.storyboard; name = Base; path = Base.lproj/LaunchScreen.storyboard; sourceTree = "<group>"; };
		E20409B22B69353B00E35B6E /* Info.plist */ = {isa = PBXFileReference; lastKnownFileType = text.plist.xml; path = Info.plist; sourceTree = "<group>"; };
		E26ACAF52B91B6B90042675A /* SwipingController.swift */ = {isa = PBXFileReference; lastKnownFileType = sourcecode.swift; path = SwipingController.swift; sourceTree = "<group>"; };
		E29862D32B694AFC007785DB /* Asset.xcassets */ = {isa = PBXFileReference; lastKnownFileType = folder.assetcatalog; path = Asset.xcassets; sourceTree = "<group>"; };
		E2FF10FF2B92DC4300011E29 /* PageCell.swift */ = {isa = PBXFileReference; lastKnownFileType = sourcecode.swift; path = PageCell.swift; sourceTree = "<group>"; };
/* End PBXFileReference section */

/* Begin PBXFrameworksBuildPhase section */
		E204099E2B69353A00E35B6E /* Frameworks */ = {
			isa = PBXFrameworksBuildPhase;
			buildActionMask = 2147483647;
			files = (
			);
			runOnlyForDeploymentPostprocessing = 0;
		};
/* End PBXFrameworksBuildPhase section */

/* Begin PBXGroup section */
		E20409982B69353A00E35B6E = {
			isa = PBXGroup;
			children = (
				E20409A32B69353A00E35B6E /* AutoLayout(CodeBase) */,
				E20409A22B69353A00E35B6E /* Products */,
			);
			sourceTree = "<group>";
		};
		E20409A22B69353A00E35B6E /* Products */ = {
			isa = PBXGroup;
			children = (
				E20409A12B69353A00E35B6E /* AutoLayout(CodeBase).app */,
			);
			name = Products;
			sourceTree = "<group>";
		};
		E20409A32B69353A00E35B6E /* AutoLayout(CodeBase) */ = {
			isa = PBXGroup;
			children = (
				E29862D32B694AFC007785DB /* Asset.xcassets */,
				E20409A42B69353A00E35B6E /* AppDelegate.swift */,
				E20409A62B69353A00E35B6E /* SceneDelegate.swift */,
				E26ACAF52B91B6B90042675A /* SwipingController.swift */,
				E2FF10FF2B92DC4300011E29 /* PageCell.swift */,
				E20409A82B69353A00E35B6E /* ViewController.swift */,
				E20409AA2B69353A00E35B6E /* Main.storyboard */,
				E20409AF2B69353B00E35B6E /* LaunchScreen.storyboard */,
				E20409B22B69353B00E35B6E /* Info.plist */,
			);
			path = "AutoLayout(CodeBase)";
			sourceTree = "<group>";
		};
/* End PBXGroup section */

/* Begin PBXNativeTarget section */
		E20409A02B69353A00E35B6E /* AutoLayout(CodeBase) */ = {
			isa = PBXNativeTarget;
			buildConfigurationList = E20409B52B69353B00E35B6E /* Build configuration list for PBXNativeTarget "AutoLayout(CodeBase)" */;
			buildPhases = (
				E204099D2B69353A00E35B6E /* Sources */,
				E204099E2B69353A00E35B6E /* Frameworks */,
				E204099F2B69353A00E35B6E /* Resources */,
			);
			buildRules = (
			);
			dependencies = (
			);
			name = "AutoLayout(CodeBase)";
			productName = "AutoLayout(CodeBase)";
			productReference = E20409A12B69353A00E35B6E /* AutoLayout(CodeBase).app */;
			productType = "com.apple.product-type.application";
		};
/* End PBXNativeTarget section */

/* Begin PBXProject section */
		E20409992B69353A00E35B6E /* Project object */ = {
			isa = PBXProject;
			attributes = {
				BuildIndependentTargetsInParallel = 1;
				LastSwiftUpdateCheck = 1520;
				LastUpgradeCheck = 1520;
				TargetAttributes = {
					E20409A02B69353A00E35B6E = {
						CreatedOnToolsVersion = 15.2;
					};
				};
			};
			buildConfigurationList = E204099C2B69353A00E35B6E /* Build configuration list for PBXProject "AutoLayout(CodeBase)" */;
			compatibilityVersion = "Xcode 14.0";
			developmentRegion = en;
			hasScannedForEncodings = 0;
			knownRegions = (
				en,
				Base,
			);
			mainGroup = E20409982B69353A00E35B6E;
			productRefGroup = E20409A22B69353A00E35B6E /* Products */;
			projectDirPath = "";
			projectRoot = "";
			targets = (
				E20409A02B69353A00E35B6E /* AutoLayout(CodeBase) */,
			);
		};
/* End PBXProject section */

/* Begin PBXResourcesBuildPhase section */
		E204099F2B69353A00E35B6E /* Resources */ = {
			isa = PBXResourcesBuildPhase;
			buildActionMask = 2147483647;
			files = (
				E29862D42B694AFC007785DB /* Asset.xcassets in Resources */,
				E20409B12B69353B00E35B6E /* LaunchScreen.storyboard in Resources */,
				E20409AC2B69353A00E35B6E /* Main.storyboard in Resources */,
			);
			runOnlyForDeploymentPostprocessing = 0;
		};
/* End PBXResourcesBuildPhase section */

/* Begin PBXSourcesBuildPhase section */
		E204099D2B69353A00E35B6E /* Sources */ = {
			isa = PBXSourcesBuildPhase;
			buildActionMask = 2147483647;
			files = (
				E20409A92B69353A00E35B6E /* ViewController.swift in Sources */,
				E2FF11002B92DC4300011E29 /* PageCell.swift in Sources */,
				E20409A52B69353A00E35B6E /* AppDelegate.swift in Sources */,
				E20409A72B69353A00E35B6E /* SceneDelegate.swift in Sources */,
				E26ACAF62B91B6B90042675A /* SwipingController.swift in Sources */,
			);
			runOnlyForDeploymentPostprocessing = 0;
		};
/* End PBXSourcesBuildPhase section */

/* Begin PBXVariantGroup section */
		E20409AA2B69353A00E35B6E /* Main.storyboard */ = {
			isa = PBXVariantGroup;
			children = (
				E20409AB2B69353A00E35B6E /* Base */,
			);
			name = Main.storyboard;
			sourceTree = "<group>";
		};
		E20409AF2B69353B00E35B6E /* LaunchScreen.storyboard */ = {
			isa = PBXVariantGroup;
			children = (
				E20409B02B69353B00E35B6E /* Base */,
			);
			name = LaunchScreen.storyboard;
			sourceTree = "<group>";
		};
/* End PBXVariantGroup section */

/* Begin XCBuildConfiguration section */
		E20409B32B69353B00E35B6E /* Debug */ = {
			isa = XCBuildConfiguration;
			buildSettings = {
				ALWAYS_SEARCH_USER_PATHS = NO;
				ASSETCATALOG_COMPILER_GENERATE_SWIFT_ASSET_SYMBOL_EXTENSIONS = YES;
				CLANG_ANALYZER_NONNULL = YES;
				CLANG_ANALYZER_NUMBER_OBJECT_CONVERSION = YES_AGGRESSIVE;
				CLANG_CXX_LANGUAGE_STANDARD = "gnu++20";
				CLANG_ENABLE_MODULES = YES;
				CLANG_ENABLE_OBJC_ARC = YES;
				CLANG_ENABLE_OBJC_WEAK = YES;
				CLANG_WARN_BLOCK_CAPTURE_AUTORELEASING = YES;
				CLANG_WARN_BOOL_CONVERSION = YES;
				CLANG_WARN_COMMA = YES;
				CLANG_WARN_CONSTANT_CONVERSION = YES;
				CLANG_WARN_DEPRECATED_OBJC_IMPLEMENTATIONS = YES;
				CLANG_WARN_DIRECT_OBJC_ISA_USAGE = YES_ERROR;
				CLANG_WARN_DOCUMENTATION_COMMENTS = YES;
				CLANG_WARN_EMPTY_BODY = YES;
				CLANG_WARN_ENUM_CONVERSION = YES;
				CLANG_WARN_INFINITE_RECURSION = YES;
				CLANG_WARN_INT_CONVERSION = YES;
				CLANG_WARN_NON_LITERAL_NULL_CONVERSION = YES;
				CLANG_WARN_OBJC_IMPLICIT_RETAIN_SELF = YES;
				CLANG_WARN_OBJC_LITERAL_CONVERSION = YES;
				CLANG_WARN_OBJC_ROOT_CLASS = YES_ERROR;
				CLANG_WARN_QUOTED_INCLUDE_IN_FRAMEWORK_HEADER = YES;
				CLANG_WARN_RANGE_LOOP_ANALYSIS = YES;
				CLANG_WARN_STRICT_PROTOTYPES = YES;
				CLANG_WARN_SUSPICIOUS_MOVE = YES;
				CLANG_WARN_UNGUARDED_AVAILABILITY = YES_AGGRESSIVE;
				CLANG_WARN_UNREACHABLE_CODE = YES;
				CLANG_WARN__DUPLICATE_METHOD_MATCH = YES;
				COPY_PHASE_STRIP = NO;
				DEBUG_INFORMATION_FORMAT = dwarf;
				ENABLE_STRICT_OBJC_MSGSEND = YES;
				ENABLE_TESTABILITY = YES;
				ENABLE_USER_SCRIPT_SANDBOXING = YES;
				GCC_C_LANGUAGE_STANDARD = gnu17;
				GCC_DYNAMIC_NO_PIC = NO;
				GCC_NO_COMMON_BLOCKS = YES;
				GCC_OPTIMIZATION_LEVEL = 0;
				GCC_PREPROCESSOR_DEFINITIONS = (
					"DEBUG=1",
					"$(inherited)",
				);
				GCC_WARN_64_TO_32_BIT_CONVERSION = YES;
				GCC_WARN_ABOUT_RETURN_TYPE = YES_ERROR;
				GCC_WARN_UNDECLARED_SELECTOR = YES;
				GCC_WARN_UNINITIALIZED_AUTOS = YES_AGGRESSIVE;
				GCC_WARN_UNUSED_FUNCTION = YES;
				GCC_WARN_UNUSED_VARIABLE = YES;
				IPHONEOS_DEPLOYMENT_TARGET = 17.2;
				LOCALIZATION_PREFERS_STRING_CATALOGS = YES;
				MTL_ENABLE_DEBUG_INFO = INCLUDE_SOURCE;
				MTL_FAST_MATH = YES;
				ONLY_ACTIVE_ARCH = YES;
				SDKROOT = iphoneos;
				SWIFT_ACTIVE_COMPILATION_CONDITIONS = "DEBUG $(inherited)";
				SWIFT_OPTIMIZATION_LEVEL = "-Onone";
			};
			name = Debug;
		};
		E20409B42B69353B00E35B6E /* Release */ = {
			isa = XCBuildConfiguration;
			buildSettings = {
				ALWAYS_SEARCH_USER_PATHS = NO;
				ASSETCATALOG_COMPILER_GENERATE_SWIFT_ASSET_SYMBOL_EXTENSIONS = YES;
				CLANG_ANALYZER_NONNULL = YES;
				CLANG_ANALYZER_NUMBER_OBJECT_CONVERSION = YES_AGGRESSIVE;
				CLANG_CXX_LANGUAGE_STANDARD = "gnu++20";
				CLANG_ENABLE_MODULES = YES;
				CLANG_ENABLE_OBJC_ARC = YES;
				CLANG_ENABLE_OBJC_WEAK = YES;
				CLANG_WARN_BLOCK_CAPTURE_AUTORELEASING = YES;
				CLANG_WARN_BOOL_CONVERSION = YES;
				CLANG_WARN_COMMA = YES;
				CLANG_WARN_CONSTANT_CONVERSION = YES;
				CLANG_WARN_DEPRECATED_OBJC_IMPLEMENTATIONS = YES;
				CLANG_WARN_DIRECT_OBJC_ISA_USAGE = YES_ERROR;
				CLANG_WARN_DOCUMENTATION_COMMENTS = YES;
				CLANG_WARN_EMPTY_BODY = YES;
				CLANG_WARN_ENUM_CONVERSION = YES;
				CLANG_WARN_INFINITE_RECURSION = YES;
				CLANG_WARN_INT_CONVERSION = YES;
				CLANG_WARN_NON_LITERAL_NULL_CONVERSION = YES;
				CLANG_WARN_OBJC_IMPLICIT_RETAIN_SELF = YES;
				CLANG_WARN_OBJC_LITERAL_CONVERSION = YES;
				CLANG_WARN_OBJC_ROOT_CLASS = YES_ERROR;
				CLANG_WARN_QUOTED_INCLUDE_IN_FRAMEWORK_HEADER = YES;
				CLANG_WARN_RANGE_LOOP_ANALYSIS = YES;
				CLANG_WARN_STRICT_PROTOTYPES = YES;
				CLANG_WARN_SUSPICIOUS_MOVE = YES;
				CLANG_WARN_UNGUARDED_AVAILABILITY = YES_AGGRESSIVE;
				CLANG_WARN_UNREACHABLE_CODE = YES;
				CLANG_WARN__DUPLICATE_METHOD_MATCH = YES;
				COPY_PHASE_STRIP = NO;
				DEBUG_INFORMATION_FORMAT = "dwarf-with-dsym";
				ENABLE_NS_ASSERTIONS = NO;
				ENABLE_STRICT_OBJC_MSGSEND = YES;
				ENABLE_USER_SCRIPT_SANDBOXING = YES;
				GCC_C_LANGUAGE_STANDARD = gnu17;
				GCC_NO_COMMON_BLOCKS = YES;
				GCC_WARN_64_TO_32_BIT_CONVERSION = YES;
				GCC_WARN_ABOUT_RETURN_TYPE = YES_ERROR;
				GCC_WARN_UNDECLARED_SELECTOR = YES;
				GCC_WARN_UNINITIALIZED_AUTOS = YES_AGGRESSIVE;
				GCC_WARN_UNUSED_FUNCTION = YES;
				GCC_WARN_UNUSED_VARIABLE = YES;
				IPHONEOS_DEPLOYMENT_TARGET = 17.2;
				LOCALIZATION_PREFERS_STRING_CATALOGS = YES;
				MTL_ENABLE_DEBUG_INFO = NO;
				MTL_FAST_MATH = YES;
				SDKROOT = iphoneos;
				SWIFT_COMPILATION_MODE = wholemodule;
				VALIDATE_PRODUCT = YES;
			};
			name = Release;
		};
		E20409B62B69353B00E35B6E /* Debug */ = {
			isa = XCBuildConfiguration;
			buildSettings = {
				ASSETCATALOG_COMPILER_APPICON_NAME = AppIcon;
				ASSETCATALOG_COMPILER_GLOBAL_ACCENT_COLOR_NAME = AccentColor;
				CODE_SIGN_STYLE = Automatic;
				CURRENT_PROJECT_VERSION = 1;
				DEVELOPMENT_TEAM = 2WZFAUMFF8;
				GENERATE_INFOPLIST_FILE = YES;
				INFOPLIST_FILE = "AutoLayout(CodeBase)/Info.plist";
				INFOPLIST_KEY_UIApplicationSupportsIndirectInputEvents = YES;
				INFOPLIST_KEY_UILaunchStoryboardName = LaunchScreen;
				INFOPLIST_KEY_UISupportedInterfaceOrientations_iPad = "UIInterfaceOrientationPortrait UIInterfaceOrientationPortraitUpsideDown UIInterfaceOrientationLandscapeLeft UIInterfaceOrientationLandscapeRight";
				INFOPLIST_KEY_UISupportedInterfaceOrientations_iPhone = "UIInterfaceOrientationPortrait UIInterfaceOrientationLandscapeLeft UIInterfaceOrientationLandscapeRight";
				LD_RUNPATH_SEARCH_PATHS = (
					"$(inherited)",
					"@executable_path/Frameworks",
				);
				MARKETING_VERSION = 1.0;
				PRODUCT_BUNDLE_IDENTIFIER = "Jamong.AutoLayout-CodeBase-";
				PRODUCT_NAME = "$(TARGET_NAME)";
				SWIFT_EMIT_LOC_STRINGS = YES;
				SWIFT_VERSION = 5.0;
				TARGETED_DEVICE_FAMILY = "1,2";
			};
			name = Debug;
		};
		E20409B72B69353B00E35B6E /* Release */ = {
			isa = XCBuildConfiguration;
			buildSettings = {
				ASSETCATALOG_COMPILER_APPICON_NAME = AppIcon;
				ASSETCATALOG_COMPILER_GLOBAL_ACCENT_COLOR_NAME = AccentColor;
				CODE_SIGN_STYLE = Automatic;
				CURRENT_PROJECT_VERSION = 1;
				DEVELOPMENT_TEAM = 2WZFAUMFF8;
				GENERATE_INFOPLIST_FILE = YES;
				INFOPLIST_FILE = "AutoLayout(CodeBase)/Info.plist";
				INFOPLIST_KEY_UIApplicationSupportsIndirectInputEvents = YES;
				INFOPLIST_KEY_UILaunchStoryboardName = LaunchScreen;
				INFOPLIST_KEY_UISupportedInterfaceOrientations_iPad = "UIInterfaceOrientationPortrait UIInterfaceOrientationPortraitUpsideDown UIInterfaceOrientationLandscapeLeft UIInterfaceOrientationLandscapeRight";
				INFOPLIST_KEY_UISupportedInterfaceOrientations_iPhone = "UIInterfaceOrientationPortrait UIInterfaceOrientationLandscapeLeft UIInterfaceOrientationLandscapeRight";
				LD_RUNPATH_SEARCH_PATHS = (
					"$(inherited)",
					"@executable_path/Frameworks",
				);
				MARKETING_VERSION = 1.0;
				PRODUCT_BUNDLE_IDENTIFIER = "Jamong.AutoLayout-CodeBase-";
				PRODUCT_NAME = "$(TARGET_NAME)";
				SWIFT_EMIT_LOC_STRINGS = YES;
				SWIFT_VERSION = 5.0;
				TARGETED_DEVICE_FAMILY = "1,2";
			};
			name = Release;
		};
/* End XCBuildConfiguration section */

/* Begin XCConfigurationList section */
		E204099C2B69353A00E35B6E /* Build configuration list for PBXProject "AutoLayout(CodeBase)" */ = {
			isa = XCConfigurationList;
			buildConfigurations = (
				E20409B32B69353B00E35B6E /* Debug */,
				E20409B42B69353B00E35B6E /* Release */,
			);
			defaultConfigurationIsVisible = 0;
			defaultConfigurationName = Release;
		};
		E20409B52B69353B00E35B6E /* Build configuration list for PBXNativeTarget "AutoLayout(CodeBase)" */ = {
			isa = XCConfigurationList;
			buildConfigurations = (
				E20409B62B69353B00E35B6E /* Debug */,
				E20409B72B69353B00E35B6E /* Release */,
			);
			defaultConfigurationIsVisible = 0;
			defaultConfigurationName = Release;
		};
/* End XCConfigurationList section */
	};
	rootObject = E20409992B69353A00E35B6E /* Project object */;
}
